{
  "version": 4,
  "terraform_version": "0.14.7",
  "serial": 52,
  "lineage": "d248ab52-c844-c383-9b49-c09edf6f868d",
  "outputs": {},
  "resources": [
    {
      "module": "module.dev_network",
      "mode": "managed",
      "type": "aws_s3_bucket",
      "name": "vpc_flow_log_s3",
      "provider": "provider[\"registry.terraform.io/hashicorp/aws\"]",
      "instances": [
        {
          "index_key": 0,
          "schema_version": 0,
          "attributes": {
            "acceleration_status": "",
            "acl": null,
            "arn": "arn:aws:s3:::dev-avenger-snaatak-p2",
            "bucket": "dev-avenger-snaatak-p2",
            "bucket_domain_name": "dev-avenger-snaatak-p2.s3.amazonaws.com",
            "bucket_prefix": "",
            "bucket_regional_domain_name": "dev-avenger-snaatak-p2.s3.us-east-1.amazonaws.com",
            "cors_rule": [],
            "force_destroy": false,
            "grant": [
              {
                "id": "10d0ea5b292c49f034bfbadade644c480a4627c12b6bc34183f2338461774e6a",
                "permissions": [
                  "FULL_CONTROL"
                ],
                "type": "CanonicalUser",
                "uri": ""
              }
            ],
            "hosted_zone_id": "Z3AQBSTGFYJSTF",
            "id": "dev-avenger-snaatak-p2",
            "lifecycle_rule": [],
            "logging": [],
            "object_lock_configuration": [],
            "object_lock_enabled": false,
            "policy": "",
            "region": "us-east-1",
            "replication_configuration": [],
            "request_payer": "BucketOwner",
            "server_side_encryption_configuration": [
              {
                "rule": [
                  {
                    "apply_server_side_encryption_by_default": [
                      {
                        "kms_master_key_id": "",
                        "sse_algorithm": "AES256"
                      }
                    ],
                    "bucket_key_enabled": false
                  }
                ]
              }
            ],
            "tags": null,
            "tags_all": {},
            "timeouts": null,
            "versioning": [
              {
                "enabled": false,
                "mfa_delete": false
              }
            ],
            "website": [],
            "website_domain": null,
            "website_endpoint": null
          },
          "sensitive_attributes": []
        }
      ]
    }
  ]
}
